
Microsoft Visual Studio Solution File, Format Version 12.00
# Visual Studio Version 17
VisualStudioVersion = 17.7.34031.279
MinimumVisualStudioVersion = 10.0.40219.1
Project("{888888A0-9F3D-457C-B088-3A5042F75D52}") = "CIS_110Project", "CIS_110Project.pyproj", "{6F0C9178-6E19-4C29-AEED-B020D968BDE2}"
EndProject
Global
	GlobalSection(SolutionConfigurationPlatforms) = preSolution
		Debug|Any CPU = Debug|Any CPU
		Release|Any CPU = Release|Any CPU
	EndGlobalSection
	GlobalSection(ProjectConfigurationPlatforms) = postSolution
		{6F0C9178-6E19-4C29-AEED-B020D968BDE2}.Debug|Any CPU.ActiveCfg = Debug|Any CPU
		{6F0C9178-6E19-4C29-AEED-B020D968BDE2}.Release|Any CPU.ActiveCfg = Release|Any CPU
	EndGlobalSection
	GlobalSection(SolutionProperties) = preSolution
		HideSolutionNode = FALSE
	EndGlobalSection
	GlobalSection(ExtensibilityGlobals) = postSolution
		SolutionGuid = {48FC45B8-E7E2-4FA5-A97D-12EEA88A00D1}
	EndGlobalSection
EndGlobal
